
Microsoft Visual Studio Solution File, Format Version 12.00
# Visual Studio Version 16
VisualStudioVersion = 16.0.29503.13
MinimumVisualStudioVersion = 10.0.40219.1
Project("{FAE04EC0-301F-11D3-BF4B-00C04F79EFBC}") = "Bekerites", "Bekerites\Bekerites.csproj", "{EBB09663-167A-4AD3-A010-444A70610301}"
EndProject
Project("{FAE04EC0-301F-11D3-BF4B-00C04F79EFBC}") = "Bekerites.Persistence", "Bekerit.Persistence\Bekerites.Persistence.csproj", "{CF685AD0-A5F8-4A31-A424-B7FAE212FFC5}"
EndProject
Project("{FAE04EC0-301F-11D3-BF4B-00C04F79EFBC}") = "Bekerites.Persistence.Db", "Bekerites.Persistence.Db\Bekerites.Persistence.Db.csproj", "{B321A04F-FF24-40B8-8D87-15008E3B3986}"
EndProject
Project("{FAE04EC0-301F-11D3-BF4B-00C04F79EFBC}") = "Bekerites.Persistence.File", "Bekerites.Persistence.File\Bekerites.Persistence.File.csproj", "{A2809508-7CB3-4BF8-A220-3DC324F7799B}"
EndProject
Project("{FAE04EC0-301F-11D3-BF4B-00C04F79EFBC}") = "BekeritesTest", "BekeritesTest\BekeritesTest.csproj", "{85C4D303-FD42-458A-A5CF-27B2E3AB4D70}"
EndProject
Global
	GlobalSection(SolutionConfigurationPlatforms) = preSolution
		Debug|Any CPU = Debug|Any CPU
		Release|Any CPU = Release|Any CPU
	EndGlobalSection
	GlobalSection(ProjectConfigurationPlatforms) = postSolution
		{EBB09663-167A-4AD3-A010-444A70610301}.Debug|Any CPU.ActiveCfg = Debug|Any CPU
		{EBB09663-167A-4AD3-A010-444A70610301}.Debug|Any CPU.Build.0 = Debug|Any CPU
		{EBB09663-167A-4AD3-A010-444A70610301}.Release|Any CPU.ActiveCfg = Release|Any CPU
		{EBB09663-167A-4AD3-A010-444A70610301}.Release|Any CPU.Build.0 = Release|Any CPU
		{CF685AD0-A5F8-4A31-A424-B7FAE212FFC5}.Debug|Any CPU.ActiveCfg = Debug|Any CPU
		{CF685AD0-A5F8-4A31-A424-B7FAE212FFC5}.Debug|Any CPU.Build.0 = Debug|Any CPU
		{CF685AD0-A5F8-4A31-A424-B7FAE212FFC5}.Release|Any CPU.ActiveCfg = Release|Any CPU
		{CF685AD0-A5F8-4A31-A424-B7FAE212FFC5}.Release|Any CPU.Build.0 = Release|Any CPU
		{B321A04F-FF24-40B8-8D87-15008E3B3986}.Debug|Any CPU.ActiveCfg = Debug|Any CPU
		{B321A04F-FF24-40B8-8D87-15008E3B3986}.Debug|Any CPU.Build.0 = Debug|Any CPU
		{B321A04F-FF24-40B8-8D87-15008E3B3986}.Release|Any CPU.ActiveCfg = Release|Any CPU
		{B321A04F-FF24-40B8-8D87-15008E3B3986}.Release|Any CPU.Build.0 = Release|Any CPU
		{A2809508-7CB3-4BF8-A220-3DC324F7799B}.Debug|Any CPU.ActiveCfg = Debug|Any CPU
		{A2809508-7CB3-4BF8-A220-3DC324F7799B}.Debug|Any CPU.Build.0 = Debug|Any CPU
		{A2809508-7CB3-4BF8-A220-3DC324F7799B}.Release|Any CPU.ActiveCfg = Release|Any CPU
		{A2809508-7CB3-4BF8-A220-3DC324F7799B}.Release|Any CPU.Build.0 = Release|Any CPU
		{85C4D303-FD42-458A-A5CF-27B2E3AB4D70}.Debug|Any CPU.ActiveCfg = Debug|Any CPU
		{85C4D303-FD42-458A-A5CF-27B2E3AB4D70}.Debug|Any CPU.Build.0 = Debug|Any CPU
		{85C4D303-FD42-458A-A5CF-27B2E3AB4D70}.Release|Any CPU.ActiveCfg = Release|Any CPU
		{85C4D303-FD42-458A-A5CF-27B2E3AB4D70}.Release|Any CPU.Build.0 = Release|Any CPU
	EndGlobalSection
	GlobalSection(SolutionProperties) = preSolution
		HideSolutionNode = FALSE
	EndGlobalSection
	GlobalSection(ExtensibilityGlobals) = postSolution
		SolutionGuid = {59A429B2-DF63-451A-B707-3714C894E1C3}
	EndGlobalSection
EndGlobal
